{
  "nodes": {
    "nixpkgs": {
      "locked": {
        "lastModified": 1781577229,
        "narHash": "sha256-lrp67w8AulE9Ks53n27I45ADSzbOCn4H+CNW1Ck8B+8=",
        "owner": "nixos",
        "repo": "nixpkgs",
        "rev": "567a49d1913ce81ac6e9582e3553dd90a955875f",
        "type": "github"
      },
      "original": {
        "owner": "nixos",
        "ref": "nixos-unstable",
        "repo": "nixpkgs",
        "type": "github"
      }
    },
    "nixpkgs_2": {
      "locked": {
        "lastModified": 1777954456,
        "narHash": "sha256-hGdgeU2Nk87RAuZyYjyDjFL6LK7dAZN5RE9+hrDTkDU=",
        "owner": "NixOS",
        "repo": "nixpkgs",
        "rev": "549bd84d6279f9852cae6225e372cc67fb91a4c1",
        "type": "github"
      },
      "original": {
        "owner": "NixOS",
        "ref": "nixos-unstable",
        "repo": "nixpkgs",
        "type": "github"
      }
    },
    "root": {
      "inputs": {
        "nixpkgs": "nixpkgs",
        "surge": "surge"
      }
    },
    "surge": {
      "inputs": {
        "nixpkgs": "nixpkgs_2"
      },
      "locked": {
        "lastModified": 1782302560,
        "narHash": "sha256-qDkwlN8suME9+AhyamsR1S2CAETgtzR+h8CpghTJy8I=",
        "owner": "SurgeDM",
        "repo": "Surge",
        "rev": "b6329cffb250300b2d1ab49d242ad41d372872f5",
        "type": "github"
      },
      "original": {
        "owner": "SurgeDM",
        "repo": "Surge",
        "rev": "b6329cffb250300b2d1ab49d242ad41d372872f5",
        "type": "github"
      }
    }
  },
  "root": "root",
  "version": 7
}
