{
  "nodes": {
    "nixpkgs": {
      "locked": {
        "lastModified": 1786599213,
        "narHash": "sha256-yNJd40f11EzXBjSByCB7IPpeFFAdeoSKKM67dGkfFoU=",
        "owner": "nixos",
        "repo": "nixpkgs",
        "rev": "0e251e24a4f24e036a084b6b4b2d2491af4167f4",
        "type": "github"
      },
      "original": {
        "owner": "nixos",
        "ref": "nixos-unstable",
        "repo": "nixpkgs",
        "type": "github"
      }
    },
    "nixpkgs_2": {
      "locked": {
        "lastModified": 1777954456,
        "narHash": "sha256-hGdgeU2Nk87RAuZyYjyDjFL6LK7dAZN5RE9+hrDTkDU=",
        "owner": "NixOS",
        "repo": "nixpkgs",
        "rev": "549bd84d6279f9852cae6225e372cc67fb91a4c1",
        "type": "github"
      },
      "original": {
        "owner": "NixOS",
        "ref": "nixos-unstable",
        "repo": "nixpkgs",
        "type": "github"
      }
    },
    "noctalia": {
      "inputs": {
        "nixpkgs": [
          "nixpkgs"
        ]
      },
      "locked": {
        "lastModified": 1786872567,
        "narHash": "sha256-Rilmo9Hjk3oo14zLVuoA0imm01RNlZP6d3hz+vDEPgA=",
        "owner": "noctalia-dev",
        "repo": "noctalia",
        "rev": "3a541270fb6d45483a68d634a5fa69c9b7ef376c",
        "type": "github"
      },
      "original": {
        "owner": "noctalia-dev",
        "repo": "noctalia",
        "type": "github"
      }
    },
    "root": {
      "inputs": {
        "nixpkgs": "nixpkgs",
        "noctalia": "noctalia",
        "surge": "surge"
      }
    },
    "surge": {
      "inputs": {
        "nixpkgs": "nixpkgs_2"
      },
      "locked": {
        "lastModified": 1782302560,
        "narHash": "sha256-qDkwlN8suME9+AhyamsR1S2CAETgtzR+h8CpghTJy8I=",
        "owner": "SurgeDM",
        "repo": "Surge",
        "rev": "b6329cffb250300b2d1ab49d242ad41d372872f5",
        "type": "github"
      },
      "original": {
        "owner": "SurgeDM",
        "repo": "Surge",
        "rev": "b6329cffb250300b2d1ab49d242ad41d372872f5",
        "type": "github"
      }
    }
  },
  "root": "root",
  "version": 7
}
